
Microsoft Visual Studio Solution File, Format Version 12.00
# Visual Studio Version 17
VisualStudioVersion = 17.1.32210.238
MinimumVisualStudioVersion = 10.0.40219.1
Project("{9A19103F-16F7-4668-BE54-9A1E7A4F7556}") = "28stoneHomeworkAPI", "28stoneHomeworkAPI.csproj", "{8CAC4B43-9E8B-4BCE-9FC0-EA2D73777500}"
EndProject
Project("{FAE04EC0-301F-11D3-BF4B-00C04F79EFBC}") = "CountriesTaskAPI.Tests", "..\CountriesTaskAPI.Tests\CountriesTaskAPI.Tests.csproj", "{DAC31575-533D-42C9-9DE5-1E55676645DB}"
EndProject
Global
	GlobalSection(SolutionConfigurationPlatforms) = preSolution
		Debug|Any CPU = Debug|Any CPU
		Release|Any CPU = Release|Any CPU
	EndGlobalSection
	GlobalSection(ProjectConfigurationPlatforms) = postSolution
		{8CAC4B43-9E8B-4BCE-9FC0-EA2D73777500}.Debug|Any CPU.ActiveCfg = Debug|Any CPU
		{8CAC4B43-9E8B-4BCE-9FC0-EA2D73777500}.Debug|Any CPU.Build.0 = Debug|Any CPU
		{8CAC4B43-9E8B-4BCE-9FC0-EA2D73777500}.Release|Any CPU.ActiveCfg = Release|Any CPU
		{8CAC4B43-9E8B-4BCE-9FC0-EA2D73777500}.Release|Any CPU.Build.0 = Release|Any CPU
		{DAC31575-533D-42C9-9DE5-1E55676645DB}.Debug|Any CPU.ActiveCfg = Debug|Any CPU
		{DAC31575-533D-42C9-9DE5-1E55676645DB}.Debug|Any CPU.Build.0 = Debug|Any CPU
		{DAC31575-533D-42C9-9DE5-1E55676645DB}.Release|Any CPU.ActiveCfg = Release|Any CPU
		{DAC31575-533D-42C9-9DE5-1E55676645DB}.Release|Any CPU.Build.0 = Release|Any CPU
	EndGlobalSection
	GlobalSection(SolutionProperties) = preSolution
		HideSolutionNode = FALSE
	EndGlobalSection
	GlobalSection(ExtensibilityGlobals) = postSolution
		SolutionGuid = {8DE66AFD-4BE9-4276-8FE3-8DFB98519CA9}
	EndGlobalSection
EndGlobal
